
Microsoft Visual Studio Solution File, Format Version 12.00
# Visual Studio Version 16
VisualStudioVersion = 16.0.30011.22
MinimumVisualStudioVersion = 10.0.40219.1
Project("{2150E333-8FDC-42A3-9474-1A3956D46DE8}") = "1 Layers", "1 Layers", "{E18B00B4-7739-43C1-A057-B8E82B3C2D24}"
EndProject
Project("{2150E333-8FDC-42A3-9474-1A3956D46DE8}") = "1.1 Distributed Services", "1.1 Distributed Services", "{9601196B-E0E0-421D-9146-E43196D72234}"
EndProject
Project("{2150E333-8FDC-42A3-9474-1A3956D46DE8}") = "1.2 Application", "1.2 Application", "{60DB99E8-04B7-4675-83F3-37C193C425C0}"
EndProject
Project("{FAE04EC0-301F-11D3-BF4B-00C04F79EFBC}") = "Coworking.API.Application", "Coworking.API.Application\Coworking.API.Application.csproj", "{27C75AEF-A1FE-4B5B-AF8A-A829A9E266C4}"
EndProject
Project("{FAE04EC0-301F-11D3-BF4B-00C04F79EFBC}") = "Coworking.API", "Coworking.API\Coworking.API.csproj", "{C8ABFBFA-DEA2-4924-9319-3ECFC364F73C}"
EndProject
Project("{FAE04EC0-301F-11D3-BF4B-00C04F79EFBC}") = "Coworking.API.Application.Contracts", "Coworking.API.Application.Contracts\Coworking.API.Application.Contracts.csproj", "{1E9E211A-AEEE-4EB7-89A5-20EA4E25E640}"
EndProject
Project("{2150E333-8FDC-42A3-9474-1A3956D46DE8}") = "1.3 Bussiness", "1.3 Bussiness", "{38EB96D0-E744-4E70-ABB0-4B75EBA4BA4A}"
EndProject
Project("{FAE04EC0-301F-11D3-BF4B-00C04F79EFBC}") = "Coworking.API.Bussiness", "Coworking.API.Bussiness\Coworking.API.Bussiness.csproj", "{CEE4859D-A9AC-43D8-8754-E39D88054925}"
EndProject
Project("{2150E333-8FDC-42A3-9474-1A3956D46DE8}") = "1.4 DataAccess", "1.4 DataAccess", "{96A417F1-6EF1-406C-AC49-8FC9002C9651}"
EndProject
Project("{FAE04EC0-301F-11D3-BF4B-00C04F79EFBC}") = "Coworking.API.DataAccess", "Coworking.API.DataAccess\Coworking.API.DataAccess.csproj", "{F4035314-3D4D-4359-A012-87178FBBE5D0}"
EndProject
Project("{FAE04EC0-301F-11D3-BF4B-00C04F79EFBC}") = "Coworking.API.DataAccess.Contracts", "Coworking.API.DataAccess.Contracts\Coworking.API.DataAccess.Contracts.csproj", "{D1C038A0-E48E-4A56-860B-1A756F1DA913}"
EndProject
Project("{2150E333-8FDC-42A3-9474-1A3956D46DE8}") = "1.5 Cross-Cutting", "1.5 Cross-Cutting", "{696DDB6C-D4BF-4C13-B4DE-85435CCE984A}"
EndProject
Project("{FAE04EC0-301F-11D3-BF4B-00C04F79EFBC}") = "Coworking.API.CrossCutting", "Coworking.API.CrossCutting\Coworking.API.CrossCutting.csproj", "{4A8B478D-90D9-42CC-9D58-C93E396D8567}"
EndProject
Global
	GlobalSection(SolutionConfigurationPlatforms) = preSolution
		Debug|Any CPU = Debug|Any CPU
		Release|Any CPU = Release|Any CPU
	EndGlobalSection
	GlobalSection(ProjectConfigurationPlatforms) = postSolution
		{27C75AEF-A1FE-4B5B-AF8A-A829A9E266C4}.Debug|Any CPU.ActiveCfg = Debug|Any CPU
		{27C75AEF-A1FE-4B5B-AF8A-A829A9E266C4}.Debug|Any CPU.Build.0 = Debug|Any CPU
		{27C75AEF-A1FE-4B5B-AF8A-A829A9E266C4}.Release|Any CPU.ActiveCfg = Release|Any CPU
		{27C75AEF-A1FE-4B5B-AF8A-A829A9E266C4}.Release|Any CPU.Build.0 = Release|Any CPU
		{C8ABFBFA-DEA2-4924-9319-3ECFC364F73C}.Debug|Any CPU.ActiveCfg = Debug|Any CPU
		{C8ABFBFA-DEA2-4924-9319-3ECFC364F73C}.Debug|Any CPU.Build.0 = Debug|Any CPU
		{C8ABFBFA-DEA2-4924-9319-3ECFC364F73C}.Release|Any CPU.ActiveCfg = Release|Any CPU
		{C8ABFBFA-DEA2-4924-9319-3ECFC364F73C}.Release|Any CPU.Build.0 = Release|Any CPU
		{1E9E211A-AEEE-4EB7-89A5-20EA4E25E640}.Debug|Any CPU.ActiveCfg = Debug|Any CPU
		{1E9E211A-AEEE-4EB7-89A5-20EA4E25E640}.Debug|Any CPU.Build.0 = Debug|Any CPU
		{1E9E211A-AEEE-4EB7-89A5-20EA4E25E640}.Release|Any CPU.ActiveCfg = Release|Any CPU
		{1E9E211A-AEEE-4EB7-89A5-20EA4E25E640}.Release|Any CPU.Build.0 = Release|Any CPU
		{CEE4859D-A9AC-43D8-8754-E39D88054925}.Debug|Any CPU.ActiveCfg = Debug|Any CPU
		{CEE4859D-A9AC-43D8-8754-E39D88054925}.Debug|Any CPU.Build.0 = Debug|Any CPU
		{CEE4859D-A9AC-43D8-8754-E39D88054925}.Release|Any CPU.ActiveCfg = Release|Any CPU
		{CEE4859D-A9AC-43D8-8754-E39D88054925}.Release|Any CPU.Build.0 = Release|Any CPU
		{F4035314-3D4D-4359-A012-87178FBBE5D0}.Debug|Any CPU.ActiveCfg = Debug|Any CPU
		{F4035314-3D4D-4359-A012-87178FBBE5D0}.Debug|Any CPU.Build.0 = Debug|Any CPU
		{F4035314-3D4D-4359-A012-87178FBBE5D0}.Release|Any CPU.ActiveCfg = Release|Any CPU
		{F4035314-3D4D-4359-A012-87178FBBE5D0}.Release|Any CPU.Build.0 = Release|Any CPU
		{D1C038A0-E48E-4A56-860B-1A756F1DA913}.Debug|Any CPU.ActiveCfg = Debug|Any CPU
		{D1C038A0-E48E-4A56-860B-1A756F1DA913}.Debug|Any CPU.Build.0 = Debug|Any CPU
		{D1C038A0-E48E-4A56-860B-1A756F1DA913}.Release|Any CPU.ActiveCfg = Release|Any CPU
		{D1C038A0-E48E-4A56-860B-1A756F1DA913}.Release|Any CPU.Build.0 = Release|Any CPU
		{4A8B478D-90D9-42CC-9D58-C93E396D8567}.Debug|Any CPU.ActiveCfg = Debug|Any CPU
		{4A8B478D-90D9-42CC-9D58-C93E396D8567}.Debug|Any CPU.Build.0 = Debug|Any CPU
		{4A8B478D-90D9-42CC-9D58-C93E396D8567}.Release|Any CPU.ActiveCfg = Release|Any CPU
		{4A8B478D-90D9-42CC-9D58-C93E396D8567}.Release|Any CPU.Build.0 = Release|Any CPU
	EndGlobalSection
	GlobalSection(SolutionProperties) = preSolution
		HideSolutionNode = FALSE
	EndGlobalSection
	GlobalSection(NestedProjects) = preSolution
		{9601196B-E0E0-421D-9146-E43196D72234} = {E18B00B4-7739-43C1-A057-B8E82B3C2D24}
		{60DB99E8-04B7-4675-83F3-37C193C425C0} = {E18B00B4-7739-43C1-A057-B8E82B3C2D24}
		{27C75AEF-A1FE-4B5B-AF8A-A829A9E266C4} = {60DB99E8-04B7-4675-83F3-37C193C425C0}
		{C8ABFBFA-DEA2-4924-9319-3ECFC364F73C} = {9601196B-E0E0-421D-9146-E43196D72234}
		{1E9E211A-AEEE-4EB7-89A5-20EA4E25E640} = {60DB99E8-04B7-4675-83F3-37C193C425C0}
		{38EB96D0-E744-4E70-ABB0-4B75EBA4BA4A} = {E18B00B4-7739-43C1-A057-B8E82B3C2D24}
		{CEE4859D-A9AC-43D8-8754-E39D88054925} = {38EB96D0-E744-4E70-ABB0-4B75EBA4BA4A}
		{96A417F1-6EF1-406C-AC49-8FC9002C9651} = {E18B00B4-7739-43C1-A057-B8E82B3C2D24}
		{F4035314-3D4D-4359-A012-87178FBBE5D0} = {96A417F1-6EF1-406C-AC49-8FC9002C9651}
		{D1C038A0-E48E-4A56-860B-1A756F1DA913} = {96A417F1-6EF1-406C-AC49-8FC9002C9651}
		{696DDB6C-D4BF-4C13-B4DE-85435CCE984A} = {E18B00B4-7739-43C1-A057-B8E82B3C2D24}
		{4A8B478D-90D9-42CC-9D58-C93E396D8567} = {696DDB6C-D4BF-4C13-B4DE-85435CCE984A}
	EndGlobalSection
	GlobalSection(ExtensibilityGlobals) = postSolution
		SolutionGuid = {26293FE5-4956-421E-8463-0CFE9BBEA679}
	EndGlobalSection
EndGlobal
